
Microsoft Visual Studio Solution File, Format Version 12.00
# Visual Studio Version 17
VisualStudioVersion = 17.2.32630.192
MinimumVisualStudioVersion = 10.0.40219.1
Project("{FAE04EC0-301F-11D3-BF4B-00C04F79EFBC}") = "SpaceInvaders-dylanMartins", "SpaceInvaders-dylanMartins\SpaceInvaders-dylanMartins.csproj", "{861670F9-D25A-4810-B5BC-F356069DE991}"
EndProject
Global
	GlobalSection(SolutionConfigurationPlatforms) = preSolution
		Debug|Any CPU = Debug|Any CPU
		Release|Any CPU = Release|Any CPU
	EndGlobalSection
	GlobalSection(ProjectConfigurationPlatforms) = postSolution
		{861670F9-D25A-4810-B5BC-F356069DE991}.Debug|Any CPU.ActiveCfg = Debug|Any CPU
		{861670F9-D25A-4810-B5BC-F356069DE991}.Debug|Any CPU.Build.0 = Debug|Any CPU
		{861670F9-D25A-4810-B5BC-F356069DE991}.Release|Any CPU.ActiveCfg = Release|Any CPU
		{861670F9-D25A-4810-B5BC-F356069DE991}.Release|Any CPU.Build.0 = Release|Any CPU
	EndGlobalSection
	GlobalSection(SolutionProperties) = preSolution
		HideSolutionNode = FALSE
	EndGlobalSection
	GlobalSection(ExtensibilityGlobals) = postSolution
		SolutionGuid = {3B91971D-9DA8-4DB8-94BF-0C2B7B20B688}
	EndGlobalSection
EndGlobal
